
Microsoft Visual Studio Solution File, Format Version 12.00
# Visual Studio Version 17
VisualStudioVersion = 17.11.35219.272
MinimumVisualStudioVersion = 10.0.40219.1
Project("{FAE04EC0-301F-11D3-BF4B-00C04F79EFBC}") = "FolderSync", "FolderSync.csproj", "{3A5C91BF-7923-41B0-AC2A-98A0AAB5638B}"
EndProject
Global
	GlobalSection(SolutionConfigurationPlatforms) = preSolution
		Debug|Any CPU = Debug|Any CPU
		Release|Any CPU = Release|Any CPU
	EndGlobalSection
	GlobalSection(ProjectConfigurationPlatforms) = postSolution
		{3A5C91BF-7923-41B0-AC2A-98A0AAB5638B}.Debug|Any CPU.ActiveCfg = Debug|Any CPU
		{3A5C91BF-7923-41B0-AC2A-98A0AAB5638B}.Debug|Any CPU.Build.0 = Debug|Any CPU
		{3A5C91BF-7923-41B0-AC2A-98A0AAB5638B}.Release|Any CPU.ActiveCfg = Release|Any CPU
		{3A5C91BF-7923-41B0-AC2A-98A0AAB5638B}.Release|Any CPU.Build.0 = Release|Any CPU
	EndGlobalSection
	GlobalSection(SolutionProperties) = preSolution
		HideSolutionNode = FALSE
	EndGlobalSection
	GlobalSection(ExtensibilityGlobals) = postSolution
		SolutionGuid = {F74FD1AB-51EC-4C6F-9929-BB3E763CFB65}
	EndGlobalSection
EndGlobal
